
Microsoft Visual Studio Solution File, Format Version 12.00
# Visual Studio Version 16
VisualStudioVersion = 16.0.30011.22
MinimumVisualStudioVersion = 10.0.40219.1
Project("{9A19103F-16F7-4668-BE54-9A1E7A4F7556}") = "DataStructures", "DataStructures\DataStructures.csproj", "{78A33A90-4D32-46AC-8C3E-80A6639286F3}"
EndProject
Project("{FAE04EC0-301F-11D3-BF4B-00C04F79EFBC}") = "DataStructures.Tests", "DataStructures.Tests\DataStructures.Tests.csproj", "{0FDFF8CC-D21F-48D9-B2A8-EBD5EAEA0410}"
EndProject
Project("{FAE04EC0-301F-11D3-BF4B-00C04F79EFBC}") = "ConsoleApp1", "ConsoleApp1\ConsoleApp1.csproj", "{2754763B-19A2-4FAE-93B4-1C365B4673C2}"
EndProject
Global
	GlobalSection(SolutionConfigurationPlatforms) = preSolution
		Debug|Any CPU = Debug|Any CPU
		Release|Any CPU = Release|Any CPU
	EndGlobalSection
	GlobalSection(ProjectConfigurationPlatforms) = postSolution
		{78A33A90-4D32-46AC-8C3E-80A6639286F3}.Debug|Any CPU.ActiveCfg = Debug|Any CPU
		{78A33A90-4D32-46AC-8C3E-80A6639286F3}.Debug|Any CPU.Build.0 = Debug|Any CPU
		{78A33A90-4D32-46AC-8C3E-80A6639286F3}.Release|Any CPU.ActiveCfg = Release|Any CPU
		{78A33A90-4D32-46AC-8C3E-80A6639286F3}.Release|Any CPU.Build.0 = Release|Any CPU
		{0FDFF8CC-D21F-48D9-B2A8-EBD5EAEA0410}.Debug|Any CPU.ActiveCfg = Debug|Any CPU
		{0FDFF8CC-D21F-48D9-B2A8-EBD5EAEA0410}.Debug|Any CPU.Build.0 = Debug|Any CPU
		{0FDFF8CC-D21F-48D9-B2A8-EBD5EAEA0410}.Release|Any CPU.ActiveCfg = Release|Any CPU
		{0FDFF8CC-D21F-48D9-B2A8-EBD5EAEA0410}.Release|Any CPU.Build.0 = Release|Any CPU
		{2754763B-19A2-4FAE-93B4-1C365B4673C2}.Debug|Any CPU.ActiveCfg = Debug|Any CPU
		{2754763B-19A2-4FAE-93B4-1C365B4673C2}.Debug|Any CPU.Build.0 = Debug|Any CPU
		{2754763B-19A2-4FAE-93B4-1C365B4673C2}.Release|Any CPU.ActiveCfg = Release|Any CPU
		{2754763B-19A2-4FAE-93B4-1C365B4673C2}.Release|Any CPU.Build.0 = Release|Any CPU
	EndGlobalSection
	GlobalSection(SolutionProperties) = preSolution
		HideSolutionNode = FALSE
	EndGlobalSection
	GlobalSection(ExtensibilityGlobals) = postSolution
		SolutionGuid = {FE00FBC3-6B0E-49F5-95D1-99819F7B93AD}
	EndGlobalSection
EndGlobal
